
Microsoft Visual Studio Solution File, Format Version 12.00
# Visual Studio Version 17
VisualStudioVersion = 17.5.001.0
MinimumVisualStudioVersion = 10.0.40219.1
Project("{9A19103F-16F7-4668-BE54-9A1E7A4F7556}") = "razorweb", "razorweb.csproj", "{78219E22-BF9C-4C15-9819-0E8CCD1AF399}"
EndProject
Global
	GlobalSection(SolutionConfigurationPlatforms) = preSolution
		Debug|Any CPU = Debug|Any CPU
		Release|Any CPU = Release|Any CPU
	EndGlobalSection
	GlobalSection(ProjectConfigurationPlatforms) = postSolution
		{78219E22-BF9C-4C15-9819-0E8CCD1AF399}.Debug|Any CPU.ActiveCfg = Debug|Any CPU
		{78219E22-BF9C-4C15-9819-0E8CCD1AF399}.Debug|Any CPU.Build.0 = Debug|Any CPU
		{78219E22-BF9C-4C15-9819-0E8CCD1AF399}.Release|Any CPU.ActiveCfg = Release|Any CPU
		{78219E22-BF9C-4C15-9819-0E8CCD1AF399}.Release|Any CPU.Build.0 = Release|Any CPU
	EndGlobalSection
	GlobalSection(SolutionProperties) = preSolution
		HideSolutionNode = FALSE
	EndGlobalSection
	GlobalSection(ExtensibilityGlobals) = postSolution
		SolutionGuid = {21862E59-519F-4963-A739-C2A9827928A6}
	EndGlobalSection
EndGlobal
